
Microsoft Visual Studio Solution File, Format Version 12.00
# Visual Studio Version 16
VisualStudioVersion = 16.0.32407.337
MinimumVisualStudioVersion = 10.0.40219.1
Project("{9A19103F-16F7-4668-BE54-9A1E7A4F7556}") = "Encuesta", "Encuesta.csproj", "{A68A8323-76CA-41B9-9E3E-9B04A1BBEC7A}"
EndProject
Global
	GlobalSection(SolutionConfigurationPlatforms) = preSolution
		Debug|Any CPU = Debug|Any CPU
		Release|Any CPU = Release|Any CPU
	EndGlobalSection
	GlobalSection(ProjectConfigurationPlatforms) = postSolution
		{A68A8323-76CA-41B9-9E3E-9B04A1BBEC7A}.Debug|Any CPU.ActiveCfg = Debug|Any CPU
		{A68A8323-76CA-41B9-9E3E-9B04A1BBEC7A}.Debug|Any CPU.Build.0 = Debug|Any CPU
		{A68A8323-76CA-41B9-9E3E-9B04A1BBEC7A}.Release|Any CPU.ActiveCfg = Release|Any CPU
		{A68A8323-76CA-41B9-9E3E-9B04A1BBEC7A}.Release|Any CPU.Build.0 = Release|Any CPU
	EndGlobalSection
	GlobalSection(SolutionProperties) = preSolution
		HideSolutionNode = FALSE
	EndGlobalSection
	GlobalSection(ExtensibilityGlobals) = postSolution
		SolutionGuid = {F02C2E51-E82A-4803-BD58-3BA6690A663B}
	EndGlobalSection
EndGlobal
